
Microsoft Visual Studio Solution File, Format Version 12.00
# Visual Studio Version 17
VisualStudioVersion = 17.9.34701.34
MinimumVisualStudioVersion = 10.0.40219.1
Project("{FAE04EC0-301F-11D3-BF4B-00C04F79EFBC}") = "TheWaterProject", "TheWaterProject\TheWaterProject.csproj", "{3F39D1F1-D0A4-4917-826B-C66030E68EB9}"
EndProject
Global
	GlobalSection(SolutionConfigurationPlatforms) = preSolution
		Debug|Any CPU = Debug|Any CPU
		Release|Any CPU = Release|Any CPU
	EndGlobalSection
	GlobalSection(ProjectConfigurationPlatforms) = postSolution
		{3F39D1F1-D0A4-4917-826B-C66030E68EB9}.Debug|Any CPU.ActiveCfg = Debug|Any CPU
		{3F39D1F1-D0A4-4917-826B-C66030E68EB9}.Debug|Any CPU.Build.0 = Debug|Any CPU
		{3F39D1F1-D0A4-4917-826B-C66030E68EB9}.Release|Any CPU.ActiveCfg = Release|Any CPU
		{3F39D1F1-D0A4-4917-826B-C66030E68EB9}.Release|Any CPU.Build.0 = Release|Any CPU
	EndGlobalSection
	GlobalSection(SolutionProperties) = preSolution
		HideSolutionNode = FALSE
	EndGlobalSection
	GlobalSection(ExtensibilityGlobals) = postSolution
		SolutionGuid = {7AAF12D9-0152-48DB-BB8C-B48502E871DB}
	EndGlobalSection
EndGlobal
